
Microsoft Visual Studio Solution File, Format Version 12.00
# Visual Studio Version 17
VisualStudioVersion = 17.11.35327.3
MinimumVisualStudioVersion = 10.0.40219.1
Project("{FAE04EC0-301F-11D3-BF4B-00C04F79EFBC}") = "HangMan", "HangMan\HangMan.csproj", "{B1BAE885-DD37-4E9F-8A97-09EBE291B77D}"
EndProject
Global
	GlobalSection(SolutionConfigurationPlatforms) = preSolution
		Debug|Any CPU = Debug|Any CPU
		Release|Any CPU = Release|Any CPU
	EndGlobalSection
	GlobalSection(ProjectConfigurationPlatforms) = postSolution
		{B1BAE885-DD37-4E9F-8A97-09EBE291B77D}.Debug|Any CPU.ActiveCfg = Debug|Any CPU
		{B1BAE885-DD37-4E9F-8A97-09EBE291B77D}.Debug|Any CPU.Build.0 = Debug|Any CPU
		{B1BAE885-DD37-4E9F-8A97-09EBE291B77D}.Release|Any CPU.ActiveCfg = Release|Any CPU
		{B1BAE885-DD37-4E9F-8A97-09EBE291B77D}.Release|Any CPU.Build.0 = Release|Any CPU
	EndGlobalSection
	GlobalSection(SolutionProperties) = preSolution
		HideSolutionNode = FALSE
	EndGlobalSection
	GlobalSection(ExtensibilityGlobals) = postSolution
		SolutionGuid = {A9EEC83C-486B-4D4B-9C6C-251507EDD8BB}
	EndGlobalSection
EndGlobal
